
Microsoft Visual Studio Solution File, Format Version 12.00
# Visual Studio 15
VisualStudioVersion = 15.0.28010.2041
MinimumVisualStudioVersion = 10.0.40219.1
Project("{FAE04EC0-301F-11D3-BF4B-00C04F79EFBC}") = "StackOverFlow", "StackOverFlow\StackOverFlow.csproj", "{2D96E2CD-E266-4D7A-AE2B-A8DD53C73C27}"
EndProject
Global
	GlobalSection(SolutionConfigurationPlatforms) = preSolution
		Debug|Any CPU = Debug|Any CPU
		Release|Any CPU = Release|Any CPU
	EndGlobalSection
	GlobalSection(ProjectConfigurationPlatforms) = postSolution
		{2D96E2CD-E266-4D7A-AE2B-A8DD53C73C27}.Debug|Any CPU.ActiveCfg = Debug|Any CPU
		{2D96E2CD-E266-4D7A-AE2B-A8DD53C73C27}.Debug|Any CPU.Build.0 = Debug|Any CPU
		{2D96E2CD-E266-4D7A-AE2B-A8DD53C73C27}.Release|Any CPU.ActiveCfg = Release|Any CPU
		{2D96E2CD-E266-4D7A-AE2B-A8DD53C73C27}.Release|Any CPU.Build.0 = Release|Any CPU
	EndGlobalSection
	GlobalSection(SolutionProperties) = preSolution
		HideSolutionNode = FALSE
	EndGlobalSection
	GlobalSection(ExtensibilityGlobals) = postSolution
		SolutionGuid = {ABB30AE1-77E1-4999-A497-6C47C7FE54A3}
	EndGlobalSection
EndGlobal
